
Microsoft Visual Studio Solution File, Format Version 12.00
# Visual Studio Version 16
VisualStudioVersion = 16.0.29609.76
MinimumVisualStudioVersion = 10.0.40219.1
Project("{9A19103F-16F7-4668-BE54-9A1E7A4F7556}") = "LeetCodeConsoleApp", "LeetCodeConsoleApp\LeetCodeConsoleApp.csproj", "{2A0E0F7E-B4C4-47C9-988D-D0F398CA72BE}"
EndProject
Global
	GlobalSection(SolutionConfigurationPlatforms) = preSolution
		Debug|Any CPU = Debug|Any CPU
		Release|Any CPU = Release|Any CPU
	EndGlobalSection
	GlobalSection(ProjectConfigurationPlatforms) = postSolution
		{2A0E0F7E-B4C4-47C9-988D-D0F398CA72BE}.Debug|Any CPU.ActiveCfg = Debug|Any CPU
		{2A0E0F7E-B4C4-47C9-988D-D0F398CA72BE}.Debug|Any CPU.Build.0 = Debug|Any CPU
		{2A0E0F7E-B4C4-47C9-988D-D0F398CA72BE}.Release|Any CPU.ActiveCfg = Release|Any CPU
		{2A0E0F7E-B4C4-47C9-988D-D0F398CA72BE}.Release|Any CPU.Build.0 = Release|Any CPU
	EndGlobalSection
	GlobalSection(SolutionProperties) = preSolution
		HideSolutionNode = FALSE
	EndGlobalSection
	GlobalSection(ExtensibilityGlobals) = postSolution
		SolutionGuid = {FF2D5233-4446-4B7F-A6B8-BDC53658BD2B}
	EndGlobalSection
EndGlobal
